// !$*UTF8*$!
{
	archiveVersion = 1;
	classes = {
	};
	objectVersion = 50;
	objects = {

/* Begin PBXBuildFile section */
		6A9B276D26A7418E0007CD32 /* AddToDoViewController.swift in Sources */ = {isa = PBXBuildFile; fileRef = 6A9B276C26A7418E0007CD32 /* AddToDoViewController.swift */; };
		6A9B276F26A757A10007CD32 /* CompleteToDoViewController.swift in Sources */ = {isa = PBXBuildFile; fileRef = 6A9B276E26A757A10007CD32 /* CompleteToDoViewController.swift */; };
		6AA2CD5726A6131100D573AC /* AppDelegate.swift in Sources */ = {isa = PBXBuildFile; fileRef = 6AA2CD5626A6131100D573AC /* AppDelegate.swift */; };
		6AA2CD5926A6131100D573AC /* SceneDelegate.swift in Sources */ = {isa = PBXBuildFile; fileRef = 6AA2CD5826A6131100D573AC /* SceneDelegate.swift */; };
		6AA2CD5E26A6131100D573AC /* Main.storyboard in Resources */ = {isa = PBXBuildFile; fileRef = 6AA2CD5C26A6131100D573AC /* Main.storyboard */; };
		6AA2CD6126A6131100D573AC /* TodoList.xcdatamodeld in Sources */ = {isa = PBXBuildFile; fileRef = 6AA2CD5F26A6131100D573AC /* TodoList.xcdatamodeld */; };
		6AA2CD6326A6131400D573AC /* Assets.xcassets in Resources */ = {isa = PBXBuildFile; fileRef = 6AA2CD6226A6131400D573AC /* Assets.xcassets */; };
		6AA2CD6626A6131400D573AC /* LaunchScreen.storyboard in Resources */ = {isa = PBXBuildFile; fileRef = 6AA2CD6426A6131400D573AC /* LaunchScreen.storyboard */; };
		6AA2CD7126A6131400D573AC /* TodoListTests.swift in Sources */ = {isa = PBXBuildFile; fileRef = 6AA2CD7026A6131400D573AC /* TodoListTests.swift */; };
		6AA2CD7C26A6131400D573AC /* TodoListUITests.swift in Sources */ = {isa = PBXBuildFile; fileRef = 6AA2CD7B26A6131400D573AC /* TodoListUITests.swift */; };
		6AA2CD8E26A62B2E00D573AC /* ToDoListTableViewController.swift in Sources */ = {isa = PBXBuildFile; fileRef = 6AA2CD8D26A62B2E00D573AC /* ToDoListTableViewController.swift */; };
		6AA2CD9026A62BB000D573AC /* ToDo.swift in Sources */ = {isa = PBXBuildFile; fileRef = 6AA2CD8F26A62BB000D573AC /* ToDo.swift */; };
/* End PBXBuildFile section */

/* Begin PBXContainerItemProxy section */
		6AA2CD6D26A6131400D573AC /* PBXContainerItemProxy */ = {
			isa = PBXContainerItemProxy;
			containerPortal = 6AA2CD4B26A6131100D573AC /* Project object */;
			proxyType = 1;
			remoteGlobalIDString = 6AA2CD5226A6131100D573AC;
			remoteInfo = TodoList;
		};
		6AA2CD7826A6131400D573AC /* PBXContainerItemProxy */ = {
			isa = PBXContainerItemProxy;
			containerPortal = 6AA2CD4B26A6131100D573AC /* Project object */;
			proxyType = 1;
			remoteGlobalIDString = 6AA2CD5226A6131100D573AC;
			remoteInfo = TodoList;
		};
/* End PBXContainerItemProxy section */

/* Begin PBXFileReference section */
		6A9B276C26A7418E0007CD32 /* AddToDoViewController.swift */ = {isa = PBXFileReference; lastKnownFileType = sourcecode.swift; path = AddToDoViewController.swift; sourceTree = "<group>"; };
		6A9B276E26A757A10007CD32 /* CompleteToDoViewController.swift */ = {isa = PBXFileReference; lastKnownFileType = sourcecode.swift; path = CompleteToDoViewController.swift; sourceTree = "<group>"; };
		6AA2CD5326A6131100D573AC /* TodoList.app */ = {isa = PBXFileReference; explicitFileType = wrapper.application; includeInIndex = 0; path = TodoList.app; sourceTree = BUILT_PRODUCTS_DIR; };
		6AA2CD5626A6131100D573AC /* AppDelegate.swift */ = {isa = PBXFileReference; lastKnownFileType = sourcecode.swift; path = AppDelegate.swift; sourceTree = "<group>"; };
		6AA2CD5826A6131100D573AC /* SceneDelegate.swift */ = {isa = PBXFileReference; lastKnownFileType = sourcecode.swift; path = SceneDelegate.swift; sourceTree = "<group>"; };
		6AA2CD5D26A6131100D573AC /* Base */ = {isa = PBXFileReference; lastKnownFileType = file.storyboard; name = Base; path = Base.lproj/Main.storyboard; sourceTree = "<group>"; };
		6AA2CD6026A6131100D573AC /* TodoList.xcdatamodel */ = {isa = PBXFileReference; lastKnownFileType = wrapper.xcdatamodel; path = TodoList.xcdatamodel; sourceTree = "<group>"; };
		6AA2CD6226A6131400D573AC /* Assets.xcassets */ = {isa = PBXFileReference; lastKnownFileType = folder.assetcatalog; path = Assets.xcassets; sourceTree = "<group>"; };
		6AA2CD6526A6131400D573AC /* Base */ = {isa = PBXFileReference; lastKnownFileType = file.storyboard; name = Base; path = Base.lproj/LaunchScreen.storyboard; sourceTree = "<group>"; };
		6AA2CD6726A6131400D573AC /* Info.plist */ = {isa = PBXFileReference; lastKnownFileType = text.plist.xml; path = Info.plist; sourceTree = "<group>"; };
		6AA2CD6C26A6131400D573AC /* TodoListTests.xctest */ = {isa = PBXFileReference; explicitFileType = wrapper.cfbundle; includeInIndex = 0; path = TodoListTests.xctest; sourceTree = BUILT_PRODUCTS_DIR; };
		6AA2CD7026A6131400D573AC /* TodoListTests.swift */ = {isa = PBXFileReference; lastKnownFileType = sourcecode.swift; path = TodoListTests.swift; sourceTree = "<group>"; };
		6AA2CD7226A6131400D573AC /* Info.plist */ = {isa = PBXFileReference; lastKnownFileType = text.plist.xml; path = Info.plist; sourceTree = "<group>"; };
		6AA2CD7726A6131400D573AC /* TodoListUITests.xctest */ = {isa = PBXFileReference; explicitFileType = wrapper.cfbundle; includeInIndex = 0; path = TodoListUITests.xctest; sourceTree = BUILT_PRODUCTS_DIR; };
		6AA2CD7B26A6131400D573AC /* TodoListUITests.swift */ = {isa = PBXFileReference; lastKnownFileType = sourcecode.swift; path = TodoListUITests.swift; sourceTree = "<group>"; };
		6AA2CD7D26A6131400D573AC /* Info.plist */ = {isa = PBXFileReference; lastKnownFileType = text.plist.xml; path = Info.plist; sourceTree = "<group>"; };
		6AA2CD8D26A62B2E00D573AC /* ToDoListTableViewController.swift */ = {isa = PBXFileReference; lastKnownFileType = sourcecode.swift; path = ToDoListTableViewController.swift; sourceTree = "<group>"; };
		6AA2CD8F26A62BB000D573AC /* ToDo.swift */ = {isa = PBXFileReference; lastKnownFileType = sourcecode.swift; path = ToDo.swift; sourceTree = "<group>"; };
/* End PBXFileReference section */

/* Begin PBXFrameworksBuildPhase section */
		6AA2CD5026A6131100D573AC /* Frameworks */ = {
			isa = PBXFrameworksBuildPhase;
			buildActionMask = 2147483647;
			files = (
			);
			runOnlyForDeploymentPostprocessing = 0;
		};
		6AA2CD6926A6131400D573AC /* Frameworks */ = {
			isa = PBXFrameworksBuildPhase;
			buildActionMask = 2147483647;
			files = (
			);
			runOnlyForDeploymentPostprocessing = 0;
		};
		6AA2CD7426A6131400D573AC /* Frameworks */ = {
			isa = PBXFrameworksBuildPhase;
			buildActionMask = 2147483647;
			files = (
			);
			runOnlyForDeploymentPostprocessing = 0;
		};
/* End PBXFrameworksBuildPhase section */

/* Begin PBXGroup section */
		6AA2CD4A26A6131100D573AC = {
			isa = PBXGroup;
			children = (
				6AA2CD5526A6131100D573AC /* TodoList */,
				6AA2CD6F26A6131400D573AC /* TodoListTests */,
				6AA2CD7A26A6131400D573AC /* TodoListUITests */,
				6AA2CD5426A6131100D573AC /* Products */,
			);
			sourceTree = "<group>";
		};
		6AA2CD5426A6131100D573AC /* Products */ = {
			isa = PBXGroup;
			children = (
				6AA2CD5326A6131100D573AC /* TodoList.app */,
				6AA2CD6C26A6131400D573AC /* TodoListTests.xctest */,
				6AA2CD7726A6131400D573AC /* TodoListUITests.xctest */,
			);
			name = Products;
			sourceTree = "<group>";
		};
		6AA2CD5526A6131100D573AC /* TodoList */ = {
			isa = PBXGroup;
			children = (
				6AA2CD5626A6131100D573AC /* AppDelegate.swift */,
				6AA2CD5826A6131100D573AC /* SceneDelegate.swift */,
				6AA2CD5C26A6131100D573AC /* Main.storyboard */,
				6A9B276C26A7418E0007CD32 /* AddToDoViewController.swift */,
				6AA2CD8F26A62BB000D573AC /* ToDo.swift */,
				6AA2CD8D26A62B2E00D573AC /* ToDoListTableViewController.swift */,
				6AA2CD6226A6131400D573AC /* Assets.xcassets */,
				6AA2CD6426A6131400D573AC /* LaunchScreen.storyboard */,
				6AA2CD6726A6131400D573AC /* Info.plist */,
				6AA2CD5F26A6131100D573AC /* TodoList.xcdatamodeld */,
				6A9B276E26A757A10007CD32 /* CompleteToDoViewController.swift */,
			);
			path = TodoList;
			sourceTree = "<group>";
		};
		6AA2CD6F26A6131400D573AC /* TodoListTests */ = {
			isa = PBXGroup;
			children = (
				6AA2CD7026A6131400D573AC /* TodoListTests.swift */,
				6AA2CD7226A6131400D573AC /* Info.plist */,
			);
			path = TodoListTests;
			sourceTree = "<group>";
		};
		6AA2CD7A26A6131400D573AC /* TodoListUITests */ = {
			isa = PBXGroup;
			children = (
				6AA2CD7B26A6131400D573AC /* TodoListUITests.swift */,
				6AA2CD7D26A6131400D573AC /* Info.plist */,
			);
			path = TodoListUITests;
			sourceTree = "<group>";
		};
/* End PBXGroup section */

/* Begin PBXNativeTarget section */
		6AA2CD5226A6131100D573AC /* TodoList */ = {
			isa = PBXNativeTarget;
			buildConfigurationList = 6AA2CD8026A6131400D573AC /* Build configuration list for PBXNativeTarget "TodoList" */;
			buildPhases = (
				6AA2CD4F26A6131100D573AC /* Sources */,
				6AA2CD5026A6131100D573AC /* Frameworks */,
				6AA2CD5126A6131100D573AC /* Resources */,
			);
			buildRules = (
			);
			dependencies = (
			);
			name = TodoList;
			productName = TodoList;
			productReference = 6AA2CD5326A6131100D573AC /* TodoList.app */;
			productType = "com.apple.product-type.application";
		};
		6AA2CD6B26A6131400D573AC /* TodoListTests */ = {
			isa = PBXNativeTarget;
			buildConfigurationList = 6AA2CD8326A6131400D573AC /* Build configuration list for PBXNativeTarget "TodoListTests" */;
			buildPhases = (
				6AA2CD6826A6131400D573AC /* Sources */,
				6AA2CD6926A6131400D573AC /* Frameworks */,
				6AA2CD6A26A6131400D573AC /* Resources */,
			);
			buildRules = (
			);
			dependencies = (
				6AA2CD6E26A6131400D573AC /* PBXTargetDependency */,
			);
			name = TodoListTests;
			productName = TodoListTests;
			productReference = 6AA2CD6C26A6131400D573AC /* TodoListTests.xctest */;
			productType = "com.apple.product-type.bundle.unit-test";
		};
		6AA2CD7626A6131400D573AC /* TodoListUITests */ = {
			isa = PBXNativeTarget;
			buildConfigurationList = 6AA2CD8626A6131400D573AC /* Build configuration list for PBXNativeTarget "TodoListUITests" */;
			buildPhases = (
				6AA2CD7326A6131400D573AC /* Sources */,
				6AA2CD7426A6131400D573AC /* Frameworks */,
				6AA2CD7526A6131400D573AC /* Resources */,
			);
			buildRules = (
			);
			dependencies = (
				6AA2CD7926A6131400D573AC /* PBXTargetDependency */,
			);
			name = TodoListUITests;
			productName = TodoListUITests;
			productReference = 6AA2CD7726A6131400D573AC /* TodoListUITests.xctest */;
			productType = "com.apple.product-type.bundle.ui-testing";
		};
/* End PBXNativeTarget section */

/* Begin PBXProject section */
		6AA2CD4B26A6131100D573AC /* Project object */ = {
			isa = PBXProject;
			attributes = {
				LastSwiftUpdateCheck = 1250;
				LastUpgradeCheck = 1250;
				TargetAttributes = {
					6AA2CD5226A6131100D573AC = {
						CreatedOnToolsVersion = 12.5.1;
					};
					6AA2CD6B26A6131400D573AC = {
						CreatedOnToolsVersion = 12.5.1;
						TestTargetID = 6AA2CD5226A6131100D573AC;
					};
					6AA2CD7626A6131400D573AC = {
						CreatedOnToolsVersion = 12.5.1;
						TestTargetID = 6AA2CD5226A6131100D573AC;
					};
				};
			};
			buildConfigurationList = 6AA2CD4E26A6131100D573AC /* Build configuration list for PBXProject "TodoList" */;
			compatibilityVersion = "Xcode 9.3";
			developmentRegion = en;
			hasScannedForEncodings = 0;
			knownRegions = (
				en,
				Base,
			);
			mainGroup = 6AA2CD4A26A6131100D573AC;
			productRefGroup = 6AA2CD5426A6131100D573AC /* Products */;
			projectDirPath = "";
			projectRoot = "";
			targets = (
				6AA2CD5226A6131100D573AC /* TodoList */,
				6AA2CD6B26A6131400D573AC /* TodoListTests */,
				6AA2CD7626A6131400D573AC /* TodoListUITests */,
			);
		};
/* End PBXProject section */

/* Begin PBXResourcesBuildPhase section */
		6AA2CD5126A6131100D573AC /* Resources */ = {
			isa = PBXResourcesBuildPhase;
			buildActionMask = 2147483647;
			files = (
				6AA2CD6626A6131400D573AC /* LaunchScreen.storyboard in Resources */,
				6AA2CD6326A6131400D573AC /* Assets.xcassets in Resources */,
				6AA2CD5E26A6131100D573AC /* Main.storyboard in Resources */,
			);
			runOnlyForDeploymentPostprocessing = 0;
		};
		6AA2CD6A26A6131400D573AC /* Resources */ = {
			isa = PBXResourcesBuildPhase;
			buildActionMask = 2147483647;
			files = (
			);
			runOnlyForDeploymentPostprocessing = 0;
		};
		6AA2CD7526A6131400D573AC /* Resources */ = {
			isa = PBXResourcesBuildPhase;
			buildActionMask = 2147483647;
			files = (
			);
			runOnlyForDeploymentPostprocessing = 0;
		};
/* End PBXResourcesBuildPhase section */

/* Begin PBXSourcesBuildPhase section */
		6AA2CD4F26A6131100D573AC /* Sources */ = {
			isa = PBXSourcesBuildPhase;
			buildActionMask = 2147483647;
			files = (
				6AA2CD5726A6131100D573AC /* AppDelegate.swift in Sources */,
				6AA2CD9026A62BB000D573AC /* ToDo.swift in Sources */,
				6AA2CD5926A6131100D573AC /* SceneDelegate.swift in Sources */,
				6A9B276F26A757A10007CD32 /* CompleteToDoViewController.swift in Sources */,
				6AA2CD6126A6131100D573AC /* TodoList.xcdatamodeld in Sources */,
				6A9B276D26A7418E0007CD32 /* AddToDoViewController.swift in Sources */,
				6AA2CD8E26A62B2E00D573AC /* ToDoListTableViewController.swift in Sources */,
			);
			runOnlyForDeploymentPostprocessing = 0;
		};
		6AA2CD6826A6131400D573AC /* Sources */ = {
			isa = PBXSourcesBuildPhase;
			buildActionMask = 2147483647;
			files = (
				6AA2CD7126A6131400D573AC /* TodoListTests.swift in Sources */,
			);
			runOnlyForDeploymentPostprocessing = 0;
		};
		6AA2CD7326A6131400D573AC /* Sources */ = {
			isa = PBXSourcesBuildPhase;
			buildActionMask = 2147483647;
			files = (
				6AA2CD7C26A6131400D573AC /* TodoListUITests.swift in Sources */,
			);
			runOnlyForDeploymentPostprocessing = 0;
		};
/* End PBXSourcesBuildPhase section */

/* Begin PBXTargetDependency section */
		6AA2CD6E26A6131400D573AC /* PBXTargetDependency */ = {
			isa = PBXTargetDependency;
			target = 6AA2CD5226A6131100D573AC /* TodoList */;
			targetProxy = 6AA2CD6D26A6131400D573AC /* PBXContainerItemProxy */;
		};
		6AA2CD7926A6131400D573AC /* PBXTargetDependency */ = {
			isa = PBXTargetDependency;
			target = 6AA2CD5226A6131100D573AC /* TodoList */;
			targetProxy = 6AA2CD7826A6131400D573AC /* PBXContainerItemProxy */;
		};
/* End PBXTargetDependency section */

/* Begin PBXVariantGroup section */
		6AA2CD5C26A6131100D573AC /* Main.storyboard */ = {
			isa = PBXVariantGroup;
			children = (
				6AA2CD5D26A6131100D573AC /* Base */,
			);
			name = Main.storyboard;
			sourceTree = "<group>";
		};
		6AA2CD6426A6131400D573AC /* LaunchScreen.storyboard */ = {
			isa = PBXVariantGroup;
			children = (
				6AA2CD6526A6131400D573AC /* Base */,
			);
			name = LaunchScreen.storyboard;
			sourceTree = "<group>";
		};
/* End PBXVariantGroup section */

/* Begin XCBuildConfiguration section */
		6AA2CD7E26A6131400D573AC /* Debug */ = {
			isa = XCBuildConfiguration;
			buildSettings = {
				ALWAYS_SEARCH_USER_PATHS = NO;
				CLANG_ANALYZER_NONNULL = YES;
				CLANG_ANALYZER_NUMBER_OBJECT_CONVERSION = YES_AGGRESSIVE;
				CLANG_CXX_LANGUAGE_STANDARD = "gnu++14";
				CLANG_CXX_LIBRARY = "libc++";
				CLANG_ENABLE_MODULES = YES;
				CLANG_ENABLE_OBJC_ARC = YES;
				CLANG_ENABLE_OBJC_WEAK = YES;
				CLANG_WARN_BLOCK_CAPTURE_AUTORELEASING = YES;
				CLANG_WARN_BOOL_CONVERSION = YES;
				CLANG_WARN_COMMA = YES;
				CLANG_WARN_CONSTANT_CONVERSION = YES;
				CLANG_WARN_DEPRECATED_OBJC_IMPLEMENTATIONS = YES;
				CLANG_WARN_DIRECT_OBJC_ISA_USAGE = YES_ERROR;
				CLANG_WARN_DOCUMENTATION_COMMENTS = YES;
				CLANG_WARN_EMPTY_BODY = YES;
				CLANG_WARN_ENUM_CONVERSION = YES;
				CLANG_WARN_INFINITE_RECURSION = YES;
				CLANG_WARN_INT_CONVERSION = YES;
				CLANG_WARN_NON_LITERAL_NULL_CONVERSION = YES;
				CLANG_WARN_OBJC_IMPLICIT_RETAIN_SELF = YES;
				CLANG_WARN_OBJC_LITERAL_CONVERSION = YES;
				CLANG_WARN_OBJC_ROOT_CLASS = YES_ERROR;
				CLANG_WARN_QUOTED_INCLUDE_IN_FRAMEWORK_HEADER = YES;
				CLANG_WARN_RANGE_LOOP_ANALYSIS = YES;
				CLANG_WARN_STRICT_PROTOTYPES = YES;
				CLANG_WARN_SUSPICIOUS_MOVE = YES;
				CLANG_WARN_UNGUARDED_AVAILABILITY = YES_AGGRESSIVE;
				CLANG_WARN_UNREACHABLE_CODE = YES;
				CLANG_WARN__DUPLICATE_METHOD_MATCH = YES;
				COPY_PHASE_STRIP = NO;
				DEBUG_INFORMATION_FORMAT = dwarf;
				ENABLE_STRICT_OBJC_MSGSEND = YES;
				ENABLE_TESTABILITY = YES;
				GCC_C_LANGUAGE_STANDARD = gnu11;
				GCC_DYNAMIC_NO_PIC = NO;
				GCC_NO_COMMON_BLOCKS = YES;
				GCC_OPTIMIZATION_LEVEL = 0;
				GCC_PREPROCESSOR_DEFINITIONS = (
					"DEBUG=1",
					"$(inherited)",
				);
				GCC_WARN_64_TO_32_BIT_CONVERSION = YES;
				GCC_WARN_ABOUT_RETURN_TYPE = YES_ERROR;
				GCC_WARN_UNDECLARED_SELECTOR = YES;
				GCC_WARN_UNINITIALIZED_AUTOS = YES_AGGRESSIVE;
				GCC_WARN_UNUSED_FUNCTION = YES;
				GCC_WARN_UNUSED_VARIABLE = YES;
				IPHONEOS_DEPLOYMENT_TARGET = 14.5;
				MTL_ENABLE_DEBUG_INFO = INCLUDE_SOURCE;
				MTL_FAST_MATH = YES;
				ONLY_ACTIVE_ARCH = YES;
				SDKROOT = iphoneos;
				SWIFT_ACTIVE_COMPILATION_CONDITIONS = DEBUG;
				SWIFT_OPTIMIZATION_LEVEL = "-Onone";
			};
			name = Debug;
		};
		6AA2CD7F26A6131400D573AC /* Release */ = {
			isa = XCBuildConfiguration;
			buildSettings = {
				ALWAYS_SEARCH_USER_PATHS = NO;
				CLANG_ANALYZER_NONNULL = YES;
				CLANG_ANALYZER_NUMBER_OBJECT_CONVERSION = YES_AGGRESSIVE;
				CLANG_CXX_LANGUAGE_STANDARD = "gnu++14";
				CLANG_CXX_LIBRARY = "libc++";
				CLANG_ENABLE_MODULES = YES;
				CLANG_ENABLE_OBJC_ARC = YES;
				CLANG_ENABLE_OBJC_WEAK = YES;
				CLANG_WARN_BLOCK_CAPTURE_AUTORELEASING = YES;
				CLANG_WARN_BOOL_CONVERSION = YES;
				CLANG_WARN_COMMA = YES;
				CLANG_WARN_CONSTANT_CONVERSION = YES;
				CLANG_WARN_DEPRECATED_OBJC_IMPLEMENTATIONS = YES;
				CLANG_WARN_DIRECT_OBJC_ISA_USAGE = YES_ERROR;
				CLANG_WARN_DOCUMENTATION_COMMENTS = YES;
				CLANG_WARN_EMPTY_BODY = YES;
				CLANG_WARN_ENUM_CONVERSION = YES;
				CLANG_WARN_INFINITE_RECURSION = YES;
				CLANG_WARN_INT_CONVERSION = YES;
				CLANG_WARN_NON_LITERAL_NULL_CONVERSION = YES;
				CLANG_WARN_OBJC_IMPLICIT_RETAIN_SELF = YES;
				CLANG_WARN_OBJC_LITERAL_CONVERSION = YES;
				CLANG_WARN_OBJC_ROOT_CLASS = YES_ERROR;
				CLANG_WARN_QUOTED_INCLUDE_IN_FRAMEWORK_HEADER = YES;
				CLANG_WARN_RANGE_LOOP_ANALYSIS = YES;
				CLANG_WARN_STRICT_PROTOTYPES = YES;
				CLANG_WARN_SUSPICIOUS_MOVE = YES;
				CLANG_WARN_UNGUARDED_AVAILABILITY = YES_AGGRESSIVE;
				CLANG_WARN_UNREACHABLE_CODE = YES;
				CLANG_WARN__DUPLICATE_METHOD_MATCH = YES;
				COPY_PHASE_STRIP = NO;
				DEBUG_INFORMATION_FORMAT = "dwarf-with-dsym";
				ENABLE_NS_ASSERTIONS = NO;
				ENABLE_STRICT_OBJC_MSGSEND = YES;
				GCC_C_LANGUAGE_STANDARD = gnu11;
				GCC_NO_COMMON_BLOCKS = YES;
				GCC_WARN_64_TO_32_BIT_CONVERSION = YES;
				GCC_WARN_ABOUT_RETURN_TYPE = YES_ERROR;
				GCC_WARN_UNDECLARED_SELECTOR = YES;
				GCC_WARN_UNINITIALIZED_AUTOS = YES_AGGRESSIVE;
				GCC_WARN_UNUSED_FUNCTION = YES;
				GCC_WARN_UNUSED_VARIABLE = YES;
				IPHONEOS_DEPLOYMENT_TARGET = 14.5;
				MTL_ENABLE_DEBUG_INFO = NO;
				MTL_FAST_MATH = YES;
				SDKROOT = iphoneos;
				SWIFT_COMPILATION_MODE = wholemodule;
				SWIFT_OPTIMIZATION_LEVEL = "-O";
				VALIDATE_PRODUCT = YES;
			};
			name = Release;
		};
		6AA2CD8126A6131400D573AC /* Debug */ = {
			isa = XCBuildConfiguration;
			buildSettings = {
				ASSETCATALOG_COMPILER_APPICON_NAME = AppIcon;
				ASSETCATALOG_COMPILER_GLOBAL_ACCENT_COLOR_NAME = AccentColor;
				CODE_SIGN_STYLE = Automatic;
				INFOPLIST_FILE = TodoList/Info.plist;
				LD_RUNPATH_SEARCH_PATHS = (
					"$(inherited)",
					"@executable_path/Frameworks",
				);
				PRODUCT_BUNDLE_IDENTIFIER = "kwk-2021.TodoList";
				PRODUCT_NAME = "$(TARGET_NAME)";
				SWIFT_VERSION = 5.0;
				TARGETED_DEVICE_FAMILY = "1,2";
			};
			name = Debug;
		};
		6AA2CD8226A6131400D573AC /* Release */ = {
			isa = XCBuildConfiguration;
			buildSettings = {
				ASSETCATALOG_COMPILER_APPICON_NAME = AppIcon;
				ASSETCATALOG_COMPILER_GLOBAL_ACCENT_COLOR_NAME = AccentColor;
				CODE_SIGN_STYLE = Automatic;
				INFOPLIST_FILE = TodoList/Info.plist;
				LD_RUNPATH_SEARCH_PATHS = (
					"$(inherited)",
					"@executable_path/Frameworks",
				);
				PRODUCT_BUNDLE_IDENTIFIER = "kwk-2021.TodoList";
				PRODUCT_NAME = "$(TARGET_NAME)";
				SWIFT_VERSION = 5.0;
				TARGETED_DEVICE_FAMILY = "1,2";
			};
			name = Release;
		};
		6AA2CD8426A6131400D573AC /* Debug */ = {
			isa = XCBuildConfiguration;
			buildSettings = {
				ALWAYS_EMBED_SWIFT_STANDARD_LIBRARIES = YES;
				BUNDLE_LOADER = "$(TEST_HOST)";
				CODE_SIGN_STYLE = Automatic;
				INFOPLIST_FILE = TodoListTests/Info.plist;
				IPHONEOS_DEPLOYMENT_TARGET = 14.5;
				LD_RUNPATH_SEARCH_PATHS = (
					"$(inherited)",
					"@executable_path/Frameworks",
					"@loader_path/Frameworks",
				);
				PRODUCT_BUNDLE_IDENTIFIER = "kwk-2021.TodoListTests";
				PRODUCT_NAME = "$(TARGET_NAME)";
				SWIFT_VERSION = 5.0;
				TARGETED_DEVICE_FAMILY = "1,2";
				TEST_HOST = "$(BUILT_PRODUCTS_DIR)/TodoList.app/TodoList";
			};
			name = Debug;
		};
		6AA2CD8526A6131400D573AC /* Release */ = {
			isa = XCBuildConfiguration;
			buildSettings = {
				ALWAYS_EMBED_SWIFT_STANDARD_LIBRARIES = YES;
				BUNDLE_LOADER = "$(TEST_HOST)";
				CODE_SIGN_STYLE = Automatic;
				INFOPLIST_FILE = TodoListTests/Info.plist;
				IPHONEOS_DEPLOYMENT_TARGET = 14.5;
				LD_RUNPATH_SEARCH_PATHS = (
					"$(inherited)",
					"@executable_path/Frameworks",
					"@loader_path/Frameworks",
				);
				PRODUCT_BUNDLE_IDENTIFIER = "kwk-2021.TodoListTests";
				PRODUCT_NAME = "$(TARGET_NAME)";
				SWIFT_VERSION = 5.0;
				TARGETED_DEVICE_FAMILY = "1,2";
				TEST_HOST = "$(BUILT_PRODUCTS_DIR)/TodoList.app/TodoList";
			};
			name = Release;
		};
		6AA2CD8726A6131400D573AC /* Debug */ = {
			isa = XCBuildConfiguration;
			buildSettings = {
				ALWAYS_EMBED_SWIFT_STANDARD_LIBRARIES = YES;
				CODE_SIGN_STYLE = Automatic;
				INFOPLIST_FILE = TodoListUITests/Info.plist;
				LD_RUNPATH_SEARCH_PATHS = (
					"$(inherited)",
					"@executable_path/Frameworks",
					"@loader_path/Frameworks",
				);
				PRODUCT_BUNDLE_IDENTIFIER = "kwk-2021.TodoListUITests";
				PRODUCT_NAME = "$(TARGET_NAME)";
				SWIFT_VERSION = 5.0;
				TARGETED_DEVICE_FAMILY = "1,2";
				TEST_TARGET_NAME = TodoList;
			};
			name = Debug;
		};
		6AA2CD8826A6131400D573AC /* Release */ = {
			isa = XCBuildConfiguration;
			buildSettings = {
				ALWAYS_EMBED_SWIFT_STANDARD_LIBRARIES = YES;
				CODE_SIGN_STYLE = Automatic;
				INFOPLIST_FILE = TodoListUITests/Info.plist;
				LD_RUNPATH_SEARCH_PATHS = (
					"$(inherited)",
					"@executable_path/Frameworks",
					"@loader_path/Frameworks",
				);
				PRODUCT_BUNDLE_IDENTIFIER = "kwk-2021.TodoListUITests";
				PRODUCT_NAME = "$(TARGET_NAME)";
				SWIFT_VERSION = 5.0;
				TARGETED_DEVICE_FAMILY = "1,2";
				TEST_TARGET_NAME = TodoList;
			};
			name = Release;
		};
/* End XCBuildConfiguration section */

/* Begin XCConfigurationList section */
		6AA2CD4E26A6131100D573AC /* Build configuration list for PBXProject "TodoList" */ = {
			isa = XCConfigurationList;
			buildConfigurations = (
				6AA2CD7E26A6131400D573AC /* Debug */,
				6AA2CD7F26A6131400D573AC /* Release */,
			);
			defaultConfigurationIsVisible = 0;
			defaultConfigurationName = Release;
		};
		6AA2CD8026A6131400D573AC /* Build configuration list for PBXNativeTarget "TodoList" */ = {
			isa = XCConfigurationList;
			buildConfigurations = (
				6AA2CD8126A6131400D573AC /* Debug */,
				6AA2CD8226A6131400D573AC /* Release */,
			);
			defaultConfigurationIsVisible = 0;
			defaultConfigurationName = Release;
		};
		6AA2CD8326A6131400D573AC /* Build configuration list for PBXNativeTarget "TodoListTests" */ = {
			isa = XCConfigurationList;
			buildConfigurations = (
				6AA2CD8426A6131400D573AC /* Debug */,
				6AA2CD8526A6131400D573AC /* Release */,
			);
			defaultConfigurationIsVisible = 0;
			defaultConfigurationName = Release;
		};
		6AA2CD8626A6131400D573AC /* Build configuration list for PBXNativeTarget "TodoListUITests" */ = {
			isa = XCConfigurationList;
			buildConfigurations = (
				6AA2CD8726A6131400D573AC /* Debug */,
				6AA2CD8826A6131400D573AC /* Release */,
			);
			defaultConfigurationIsVisible = 0;
			defaultConfigurationName = Release;
		};
/* End XCConfigurationList section */

/* Begin XCVersionGroup section */
		6AA2CD5F26A6131100D573AC /* TodoList.xcdatamodeld */ = {
			isa = XCVersionGroup;
			children = (
				6AA2CD6026A6131100D573AC /* TodoList.xcdatamodel */,
			);
			currentVersion = 6AA2CD6026A6131100D573AC /* TodoList.xcdatamodel */;
			path = TodoList.xcdatamodeld;
			sourceTree = "<group>";
			versionGroupType = wrapper.xcdatamodel;
		};
/* End XCVersionGroup section */
	};
	rootObject = 6AA2CD4B26A6131100D573AC /* Project object */;
}
